
Microsoft Visual Studio Solution File, Format Version 12.00
Project("{FAE04EC0-301F-11D3-BF4B-00C04F79EFBC}") = "BooksApi", "BooksApi\BooksApi.csproj", "{FF3B4F1F-D89F-4C10-A7AD-9FFE479FD0CB}"
EndProject
Global
	GlobalSection(SolutionConfigurationPlatforms) = preSolution
		Debug|Any CPU = Debug|Any CPU
		Release|Any CPU = Release|Any CPU
	EndGlobalSection
	GlobalSection(ProjectConfigurationPlatforms) = postSolution
		{FF3B4F1F-D89F-4C10-A7AD-9FFE479FD0CB}.Debug|Any CPU.ActiveCfg = Debug|Any CPU
		{FF3B4F1F-D89F-4C10-A7AD-9FFE479FD0CB}.Debug|Any CPU.Build.0 = Debug|Any CPU
		{FF3B4F1F-D89F-4C10-A7AD-9FFE479FD0CB}.Release|Any CPU.ActiveCfg = Release|Any CPU
		{FF3B4F1F-D89F-4C10-A7AD-9FFE479FD0CB}.Release|Any CPU.Build.0 = Release|Any CPU
	EndGlobalSection
EndGlobal
